
Microsoft Visual Studio Solution File, Format Version 12.00
# Visual Studio Version 16
VisualStudioVersion = 16.0.29806.167
MinimumVisualStudioVersion = 10.0.40219.1
Project("{FAE04EC0-301F-11D3-BF4B-00C04F79EFBC}") = "CSharpandEntityFramework", "CSharpandEntityFramework\CSharpandEntityFramework.csproj", "{E74BE8BB-0392-4F1B-BBAB-9DC99341BAF6}"
EndProject
Project("{FAE04EC0-301F-11D3-BF4B-00C04F79EFBC}") = "CSharpandEntityFrameworkLibrary", "CSharpandEntityFrameworkLibrary\CSharpandEntityFrameworkLibrary.csproj", "{4C8EECE0-7C15-401A-9A4F-5674159C5FF1}"
EndProject
Global
	GlobalSection(SolutionConfigurationPlatforms) = preSolution
		Debug|Any CPU = Debug|Any CPU
		Release|Any CPU = Release|Any CPU
	EndGlobalSection
	GlobalSection(ProjectConfigurationPlatforms) = postSolution
		{E74BE8BB-0392-4F1B-BBAB-9DC99341BAF6}.Debug|Any CPU.ActiveCfg = Debug|Any CPU
		{E74BE8BB-0392-4F1B-BBAB-9DC99341BAF6}.Debug|Any CPU.Build.0 = Debug|Any CPU
		{E74BE8BB-0392-4F1B-BBAB-9DC99341BAF6}.Release|Any CPU.ActiveCfg = Release|Any CPU
		{E74BE8BB-0392-4F1B-BBAB-9DC99341BAF6}.Release|Any CPU.Build.0 = Release|Any CPU
		{4C8EECE0-7C15-401A-9A4F-5674159C5FF1}.Debug|Any CPU.ActiveCfg = Debug|Any CPU
		{4C8EECE0-7C15-401A-9A4F-5674159C5FF1}.Debug|Any CPU.Build.0 = Debug|Any CPU
		{4C8EECE0-7C15-401A-9A4F-5674159C5FF1}.Release|Any CPU.ActiveCfg = Release|Any CPU
		{4C8EECE0-7C15-401A-9A4F-5674159C5FF1}.Release|Any CPU.Build.0 = Release|Any CPU
	EndGlobalSection
	GlobalSection(SolutionProperties) = preSolution
		HideSolutionNode = FALSE
	EndGlobalSection
	GlobalSection(ExtensibilityGlobals) = postSolution
		SolutionGuid = {7ED05036-87EE-4730-845A-691A5FE2A803}
	EndGlobalSection
EndGlobal
